
Microsoft Visual Studio Solution File, Format Version 12.00
# Visual Studio Version 17
VisualStudioVersion = 17.12.35309.182
MinimumVisualStudioVersion = 10.0.40219.1
Project("{9A19103F-16F7-4668-BE54-9A1E7A4F7556}") = "WWT.Providers", "src\WWT.Providers\WWT.Providers.csproj", "{EE4A3106-572B-4EF4-9AB5-A22643309A57}"
EndProject
Project("{2150E333-8FDC-42A3-9474-1A3956D46DE8}") = "Solution Items", "Solution Items", "{CD21D5B0-5F8C-49BE-B5C1-885277A5D2AB}"
	ProjectSection(SolutionItems) = preProject
		.gitattributes = .gitattributes
		.gitignore = .gitignore
		azure-pipelines.yml = azure-pipelines.yml
		CONTRIBUTING.md = CONTRIBUTING.md
		Directory.Build.props = Directory.Build.props
		Directory.Build.targets = Directory.Build.targets
		global.json = global.json
		init.ps1 = init.ps1
		INSTALL.md = INSTALL.md
		LICENSE = LICENSE
		nuget.config = nuget.config
		README.md = README.md
	EndProjectSection
EndProject
Project("{2150E333-8FDC-42A3-9474-1A3956D46DE8}") = "tools", "tools", "{45CC6DAC-BC15-4EEC-ABD3-34EC42E93221}"
EndProject
Project("{2150E333-8FDC-42A3-9474-1A3956D46DE8}") = "src", "src", "{F12286DB-AF41-4661-A1C6-EB3259CB9B41}"
EndProject
Project("{9A19103F-16F7-4668-BE54-9A1E7A4F7556}") = "WWT.PlateFiles", "src\WWT.PlateFiles\WWT.PlateFiles.csproj", "{FECD0629-586C-42C1-931A-3A06F18376AE}"
EndProject
Project("{9A19103F-16F7-4668-BE54-9A1E7A4F7556}") = "WWTWebservices", "src\WWTWebservices\WWTWebservices.csproj", "{1820D412-7B93-40C0-A560-307C486FFC80}"
EndProject
Project("{9A19103F-16F7-4668-BE54-9A1E7A4F7556}") = "WWT.Maps", "src\WWT.Maps\WWT.Maps.csproj", "{5C864ACB-699D-4EC7-897F-6086A7C031B2}"
EndProject
Project("{9A19103F-16F7-4668-BE54-9A1E7A4F7556}") = "WWT.Azure", "src\WWT.Azure\WWT.Azure.csproj", "{E371698C-F67E-4DA7-8545-1A7C984279C8}"
EndProject
Project("{FAE04EC0-301F-11D3-BF4B-00C04F79EFBC}") = "WWTMVC5", "src\WWTMVC5\WWTMVC5.csproj", "{53EB6FD6-9D50-45D4-9987-328A7AE53E2C}"
EndProject
Project("{2150E333-8FDC-42A3-9474-1A3956D46DE8}") = "tests", "tests", "{EFF21404-6CEA-49EB-9402-C6643AC2564F}"
	ProjectSection(SolutionItems) = preProject
		tests\Directory.Build.props = tests\Directory.Build.props
		tests\Directory.Build.Targets = tests\Directory.Build.Targets
	EndProjectSection
EndProject
Project("{9A19103F-16F7-4668-BE54-9A1E7A4F7556}") = "WWT.Azure.Tests", "tests\WWT.Azure.Tests\WWT.Azure.Tests.csproj", "{6AC5F326-90D9-4829-A823-407B50525E57}"
EndProject
Project("{9A19103F-16F7-4668-BE54-9A1E7A4F7556}") = "WWT.Providers.Tests", "tests\WWT.Providers.Tests\WWT.Providers.Tests.csproj", "{C5E54B43-A19F-4021-875C-E8769D89EB1A}"
EndProject
Project("{9A19103F-16F7-4668-BE54-9A1E7A4F7556}") = "PlateManager", "tools\PlateManager\PlateManager.csproj", "{94CB88BE-875F-451D-8BB2-36327DA90708}"
EndProject
Project("{9A19103F-16F7-4668-BE54-9A1E7A4F7556}") = "WWT.PlateFiles.Tests", "tests\WWT.PlateFiles.Tests\WWT.PlateFiles.Tests.csproj", "{D34D5F02-3A5B-446C-B02A-68DA5B9BC2AF}"
EndProject
Project("{9A19103F-16F7-4668-BE54-9A1E7A4F7556}") = "WWT.Imaging", "src\WWT.Imaging\WWT.Imaging.csproj", "{33640247-520C-4F61-9055-B02CD8B66B8A}"
EndProject
Project("{9A19103F-16F7-4668-BE54-9A1E7A4F7556}") = "WWT.Caching", "src\WWT.Caching\WWT.Caching.csproj", "{CEBAB32C-42A7-43F8-AD7B-2521ED5AB12E}"
EndProject
Project("{9A19103F-16F7-4668-BE54-9A1E7A4F7556}") = "WWT.Caching.Tests", "tests\WWT.Caching.Tests\WWT.Caching.Tests.csproj", "{3FBE3897-A98D-4066-8B6C-3F603A23DFB2}"
EndProject
Project("{9A19103F-16F7-4668-BE54-9A1E7A4F7556}") = "WWT.Tours", "src\WWT.Tours\WWT.Tours.csproj", "{0A5B7416-B9CB-438F-8DC9-C9D3B096896B}"
EndProject
Project("{9A19103F-16F7-4668-BE54-9A1E7A4F7556}") = "WWT.Catalog", "src\WWT.Catalog\WWT.Catalog.csproj", "{C5F256EE-8ECC-46F8-BD80-5D19CF55E7AA}"
EndProject
Project("{FAE04EC0-301F-11D3-BF4B-00C04F79EFBC}") = "WWT.Web", "src\WWT.Web\WWT.Web.csproj", "{1C293ECE-171A-4F1C-B9EE-79C3EAA6D518}"
EndProject
Project("{FAE04EC0-301F-11D3-BF4B-00C04F79EFBC}") = "WWT.AppHost", "src\WWT\WWT.AppHost\WWT.AppHost.csproj", "{DFCC91AC-036D-4DE4-A588-057649AFD307}"
EndProject
Project("{FAE04EC0-301F-11D3-BF4B-00C04F79EFBC}") = "WWT.ServiceDefaults", "src\WWT\WWT.ServiceDefaults\WWT.ServiceDefaults.csproj", "{EF3595C9-F770-4300-BAEE-BF4929E66442}"
EndProject
Global
	GlobalSection(SolutionConfigurationPlatforms) = preSolution
		Debug|Any CPU = Debug|Any CPU
		Release|Any CPU = Release|Any CPU
	EndGlobalSection
	GlobalSection(ProjectConfigurationPlatforms) = postSolution
		{EE4A3106-572B-4EF4-9AB5-A22643309A57}.Debug|Any CPU.ActiveCfg = Debug|Any CPU
		{EE4A3106-572B-4EF4-9AB5-A22643309A57}.Debug|Any CPU.Build.0 = Debug|Any CPU
		{EE4A3106-572B-4EF4-9AB5-A22643309A57}.Release|Any CPU.ActiveCfg = Release|Any CPU
		{EE4A3106-572B-4EF4-9AB5-A22643309A57}.Release|Any CPU.Build.0 = Release|Any CPU
		{FECD0629-586C-42C1-931A-3A06F18376AE}.Debug|Any CPU.ActiveCfg = Debug|Any CPU
		{FECD0629-586C-42C1-931A-3A06F18376AE}.Debug|Any CPU.Build.0 = Debug|Any CPU
		{FECD0629-586C-42C1-931A-3A06F18376AE}.Release|Any CPU.ActiveCfg = Release|Any CPU
		{FECD0629-586C-42C1-931A-3A06F18376AE}.Release|Any CPU.Build.0 = Release|Any CPU
		{1820D412-7B93-40C0-A560-307C486FFC80}.Debug|Any CPU.ActiveCfg = Debug|Any CPU
		{1820D412-7B93-40C0-A560-307C486FFC80}.Debug|Any CPU.Build.0 = Debug|Any CPU
		{1820D412-7B93-40C0-A560-307C486FFC80}.Release|Any CPU.ActiveCfg = Release|Any CPU
		{1820D412-7B93-40C0-A560-307C486FFC80}.Release|Any CPU.Build.0 = Release|Any CPU
		{5C864ACB-699D-4EC7-897F-6086A7C031B2}.Debug|Any CPU.ActiveCfg = Debug|Any CPU
		{5C864ACB-699D-4EC7-897F-6086A7C031B2}.Debug|Any CPU.Build.0 = Debug|Any CPU
		{5C864ACB-699D-4EC7-897F-6086A7C031B2}.Release|Any CPU.ActiveCfg = Release|Any CPU
		{5C864ACB-699D-4EC7-897F-6086A7C031B2}.Release|Any CPU.Build.0 = Release|Any CPU
		{E371698C-F67E-4DA7-8545-1A7C984279C8}.Debug|Any CPU.ActiveCfg = Debug|Any CPU
		{E371698C-F67E-4DA7-8545-1A7C984279C8}.Debug|Any CPU.Build.0 = Debug|Any CPU
		{E371698C-F67E-4DA7-8545-1A7C984279C8}.Release|Any CPU.ActiveCfg = Release|Any CPU
		{E371698C-F67E-4DA7-8545-1A7C984279C8}.Release|Any CPU.Build.0 = Release|Any CPU
		{53EB6FD6-9D50-45D4-9987-328A7AE53E2C}.Debug|Any CPU.ActiveCfg = Debug|Any CPU
		{53EB6FD6-9D50-45D4-9987-328A7AE53E2C}.Debug|Any CPU.Build.0 = Debug|Any CPU
		{53EB6FD6-9D50-45D4-9987-328A7AE53E2C}.Release|Any CPU.ActiveCfg = Release|Any CPU
		{53EB6FD6-9D50-45D4-9987-328A7AE53E2C}.Release|Any CPU.Build.0 = Release|Any CPU
		{6AC5F326-90D9-4829-A823-407B50525E57}.Debug|Any CPU.ActiveCfg = Debug|Any CPU
		{6AC5F326-90D9-4829-A823-407B50525E57}.Debug|Any CPU.Build.0 = Debug|Any CPU
		{6AC5F326-90D9-4829-A823-407B50525E57}.Release|Any CPU.ActiveCfg = Release|Any CPU
		{6AC5F326-90D9-4829-A823-407B50525E57}.Release|Any CPU.Build.0 = Release|Any CPU
		{C5E54B43-A19F-4021-875C-E8769D89EB1A}.Debug|Any CPU.ActiveCfg = Debug|Any CPU
		{C5E54B43-A19F-4021-875C-E8769D89EB1A}.Debug|Any CPU.Build.0 = Debug|Any CPU
		{C5E54B43-A19F-4021-875C-E8769D89EB1A}.Release|Any CPU.ActiveCfg = Release|Any CPU
		{C5E54B43-A19F-4021-875C-E8769D89EB1A}.Release|Any CPU.Build.0 = Release|Any CPU
		{94CB88BE-875F-451D-8BB2-36327DA90708}.Debug|Any CPU.ActiveCfg = Debug|Any CPU
		{94CB88BE-875F-451D-8BB2-36327DA90708}.Debug|Any CPU.Build.0 = Debug|Any CPU
		{94CB88BE-875F-451D-8BB2-36327DA90708}.Release|Any CPU.ActiveCfg = Release|Any CPU
		{94CB88BE-875F-451D-8BB2-36327DA90708}.Release|Any CPU.Build.0 = Release|Any CPU
		{D34D5F02-3A5B-446C-B02A-68DA5B9BC2AF}.Debug|Any CPU.ActiveCfg = Debug|Any CPU
		{D34D5F02-3A5B-446C-B02A-68DA5B9BC2AF}.Debug|Any CPU.Build.0 = Debug|Any CPU
		{D34D5F02-3A5B-446C-B02A-68DA5B9BC2AF}.Release|Any CPU.ActiveCfg = Release|Any CPU
		{D34D5F02-3A5B-446C-B02A-68DA5B9BC2AF}.Release|Any CPU.Build.0 = Release|Any CPU
		{33640247-520C-4F61-9055-B02CD8B66B8A}.Debug|Any CPU.ActiveCfg = Debug|Any CPU
		{33640247-520C-4F61-9055-B02CD8B66B8A}.Debug|Any CPU.Build.0 = Debug|Any CPU
		{33640247-520C-4F61-9055-B02CD8B66B8A}.Release|Any CPU.ActiveCfg = Release|Any CPU
		{33640247-520C-4F61-9055-B02CD8B66B8A}.Release|Any CPU.Build.0 = Release|Any CPU
		{CEBAB32C-42A7-43F8-AD7B-2521ED5AB12E}.Debug|Any CPU.ActiveCfg = Debug|Any CPU
		{CEBAB32C-42A7-43F8-AD7B-2521ED5AB12E}.Debug|Any CPU.Build.0 = Debug|Any CPU
		{CEBAB32C-42A7-43F8-AD7B-2521ED5AB12E}.Release|Any CPU.ActiveCfg = Release|Any CPU
		{CEBAB32C-42A7-43F8-AD7B-2521ED5AB12E}.Release|Any CPU.Build.0 = Release|Any CPU
		{3FBE3897-A98D-4066-8B6C-3F603A23DFB2}.Debug|Any CPU.ActiveCfg = Debug|Any CPU
		{3FBE3897-A98D-4066-8B6C-3F603A23DFB2}.Debug|Any CPU.Build.0 = Debug|Any CPU
		{3FBE3897-A98D-4066-8B6C-3F603A23DFB2}.Release|Any CPU.ActiveCfg = Release|Any CPU
		{3FBE3897-A98D-4066-8B6C-3F603A23DFB2}.Release|Any CPU.Build.0 = Release|Any CPU
		{0A5B7416-B9CB-438F-8DC9-C9D3B096896B}.Debug|Any CPU.ActiveCfg = Debug|Any CPU
		{0A5B7416-B9CB-438F-8DC9-C9D3B096896B}.Debug|Any CPU.Build.0 = Debug|Any CPU
		{0A5B7416-B9CB-438F-8DC9-C9D3B096896B}.Release|Any CPU.ActiveCfg = Release|Any CPU
		{0A5B7416-B9CB-438F-8DC9-C9D3B096896B}.Release|Any CPU.Build.0 = Release|Any CPU
		{C5F256EE-8ECC-46F8-BD80-5D19CF55E7AA}.Debug|Any CPU.ActiveCfg = Debug|Any CPU
		{C5F256EE-8ECC-46F8-BD80-5D19CF55E7AA}.Debug|Any CPU.Build.0 = Debug|Any CPU
		{C5F256EE-8ECC-46F8-BD80-5D19CF55E7AA}.Release|Any CPU.ActiveCfg = Release|Any CPU
		{C5F256EE-8ECC-46F8-BD80-5D19CF55E7AA}.Release|Any CPU.Build.0 = Release|Any CPU
		{1C293ECE-171A-4F1C-B9EE-79C3EAA6D518}.Debug|Any CPU.ActiveCfg = Debug|Any CPU
		{1C293ECE-171A-4F1C-B9EE-79C3EAA6D518}.Debug|Any CPU.Build.0 = Debug|Any CPU
		{1C293ECE-171A-4F1C-B9EE-79C3EAA6D518}.Release|Any CPU.ActiveCfg = Release|Any CPU
		{1C293ECE-171A-4F1C-B9EE-79C3EAA6D518}.Release|Any CPU.Build.0 = Release|Any CPU
		{DFCC91AC-036D-4DE4-A588-057649AFD307}.Debug|Any CPU.ActiveCfg = Debug|Any CPU
		{DFCC91AC-036D-4DE4-A588-057649AFD307}.Debug|Any CPU.Build.0 = Debug|Any CPU
		{DFCC91AC-036D-4DE4-A588-057649AFD307}.Release|Any CPU.ActiveCfg = Release|Any CPU
		{DFCC91AC-036D-4DE4-A588-057649AFD307}.Release|Any CPU.Build.0 = Release|Any CPU
		{EF3595C9-F770-4300-BAEE-BF4929E66442}.Debug|Any CPU.ActiveCfg = Debug|Any CPU
		{EF3595C9-F770-4300-BAEE-BF4929E66442}.Debug|Any CPU.Build.0 = Debug|Any CPU
		{EF3595C9-F770-4300-BAEE-BF4929E66442}.Release|Any CPU.ActiveCfg = Release|Any CPU
		{EF3595C9-F770-4300-BAEE-BF4929E66442}.Release|Any CPU.Build.0 = Release|Any CPU
	EndGlobalSection
	GlobalSection(SolutionProperties) = preSolution
		HideSolutionNode = FALSE
	EndGlobalSection
	GlobalSection(NestedProjects) = preSolution
		{EE4A3106-572B-4EF4-9AB5-A22643309A57} = {F12286DB-AF41-4661-A1C6-EB3259CB9B41}
		{FECD0629-586C-42C1-931A-3A06F18376AE} = {F12286DB-AF41-4661-A1C6-EB3259CB9B41}
		{1820D412-7B93-40C0-A560-307C486FFC80} = {F12286DB-AF41-4661-A1C6-EB3259CB9B41}
		{5C864ACB-699D-4EC7-897F-6086A7C031B2} = {F12286DB-AF41-4661-A1C6-EB3259CB9B41}
		{E371698C-F67E-4DA7-8545-1A7C984279C8} = {F12286DB-AF41-4661-A1C6-EB3259CB9B41}
		{53EB6FD6-9D50-45D4-9987-328A7AE53E2C} = {F12286DB-AF41-4661-A1C6-EB3259CB9B41}
		{6AC5F326-90D9-4829-A823-407B50525E57} = {EFF21404-6CEA-49EB-9402-C6643AC2564F}
		{C5E54B43-A19F-4021-875C-E8769D89EB1A} = {EFF21404-6CEA-49EB-9402-C6643AC2564F}
		{94CB88BE-875F-451D-8BB2-36327DA90708} = {45CC6DAC-BC15-4EEC-ABD3-34EC42E93221}
		{D34D5F02-3A5B-446C-B02A-68DA5B9BC2AF} = {EFF21404-6CEA-49EB-9402-C6643AC2564F}
		{33640247-520C-4F61-9055-B02CD8B66B8A} = {F12286DB-AF41-4661-A1C6-EB3259CB9B41}
		{CEBAB32C-42A7-43F8-AD7B-2521ED5AB12E} = {F12286DB-AF41-4661-A1C6-EB3259CB9B41}
		{3FBE3897-A98D-4066-8B6C-3F603A23DFB2} = {EFF21404-6CEA-49EB-9402-C6643AC2564F}
		{0A5B7416-B9CB-438F-8DC9-C9D3B096896B} = {F12286DB-AF41-4661-A1C6-EB3259CB9B41}
		{C5F256EE-8ECC-46F8-BD80-5D19CF55E7AA} = {F12286DB-AF41-4661-A1C6-EB3259CB9B41}
		{1C293ECE-171A-4F1C-B9EE-79C3EAA6D518} = {F12286DB-AF41-4661-A1C6-EB3259CB9B41}
		{DFCC91AC-036D-4DE4-A588-057649AFD307} = {F12286DB-AF41-4661-A1C6-EB3259CB9B41}
		{EF3595C9-F770-4300-BAEE-BF4929E66442} = {F12286DB-AF41-4661-A1C6-EB3259CB9B41}
	EndGlobalSection
	GlobalSection(ExtensibilityGlobals) = postSolution
		SolutionGuid = {80DABDD3-0D48-43AD-893B-B09A38FCFC72}
	EndGlobalSection
EndGlobal
