
Microsoft Visual Studio Solution File, Format Version 12.00
# Visual Studio 14
VisualStudioVersion = 14.0.22823.1
MinimumVisualStudioVersion = 10.0.40219.1
Project("{FAE04EC0-301F-11D3-BF4B-00C04F79EFBC}") = "WWTMVC5", "WWTMVC5\WWTMVC5.csproj", "{53EB6FD6-9D50-45D4-9987-328A7AE53E2C}"
EndProject
Project("{2150E333-8FDC-42A3-9474-1A3956D46DE8}") = "Solution Items", "Solution Items", "{7CBC010D-C36A-4DC9-8A61-9694818F4CB7}"
	ProjectSection(SolutionItems) = preProject
		WebEssentials-Settings.json = WebEssentials-Settings.json
	EndProjectSection
EndProject
Project("{2150E333-8FDC-42A3-9474-1A3956D46DE8}") = ".nuget", ".nuget", "{2B24D816-00E4-4226-A4C5-9C3EA7B8FD91}"
	ProjectSection(SolutionItems) = preProject
		.nuget\NuGet.Config = .nuget\NuGet.Config
		.nuget\NuGet.exe = .nuget\NuGet.exe
		.nuget\NuGet.targets = .nuget\NuGet.targets
	EndProjectSection
EndProject
Project("{CC5FD16D-436D-48AD-A40C-5A424C6E3E79}") = "Web.Azure", "Web.Azure\Web.Azure.ccproj", "{F6AD6B76-9AF4-4312-9BAB-D0D4E480131A}"
EndProject
Project("{00D1A9C2-B5F0-4AF3-8072-F6C62B433612}") = "Database", "Database\Database.sqlproj", "{4739148E-0519-4777-BB14-6778EC043085}"
EndProject
Project("{FAE04EC0-301F-11D3-BF4B-00C04F79EFBC}") = "NotificationService", "NotificationService\NotificationService.csproj", "{136A0B67-5D7D-4F15-8DE0-F248E70F7F3E}"
EndProject
Global
	GlobalSection(SolutionConfigurationPlatforms) = preSolution
		Debug|Any CPU = Debug|Any CPU
		Debug|Mixed Platforms = Debug|Mixed Platforms
		Debug|x86 = Debug|x86
		Release|Any CPU = Release|Any CPU
		Release|Mixed Platforms = Release|Mixed Platforms
		Release|x86 = Release|x86
	EndGlobalSection
	GlobalSection(ProjectConfigurationPlatforms) = postSolution
		{53EB6FD6-9D50-45D4-9987-328A7AE53E2C}.Debug|Any CPU.ActiveCfg = Debug|Any CPU
		{53EB6FD6-9D50-45D4-9987-328A7AE53E2C}.Debug|Any CPU.Build.0 = Debug|Any CPU
		{53EB6FD6-9D50-45D4-9987-328A7AE53E2C}.Debug|Mixed Platforms.ActiveCfg = Debug|Any CPU
		{53EB6FD6-9D50-45D4-9987-328A7AE53E2C}.Debug|Mixed Platforms.Build.0 = Debug|Any CPU
		{53EB6FD6-9D50-45D4-9987-328A7AE53E2C}.Debug|x86.ActiveCfg = Debug|Any CPU
		{53EB6FD6-9D50-45D4-9987-328A7AE53E2C}.Release|Any CPU.ActiveCfg = Release|Any CPU
		{53EB6FD6-9D50-45D4-9987-328A7AE53E2C}.Release|Any CPU.Build.0 = Release|Any CPU
		{53EB6FD6-9D50-45D4-9987-328A7AE53E2C}.Release|Mixed Platforms.ActiveCfg = Release|Any CPU
		{53EB6FD6-9D50-45D4-9987-328A7AE53E2C}.Release|Mixed Platforms.Build.0 = Release|Any CPU
		{53EB6FD6-9D50-45D4-9987-328A7AE53E2C}.Release|Mixed Platforms.Deploy.0 = Release|Any CPU
		{53EB6FD6-9D50-45D4-9987-328A7AE53E2C}.Release|x86.ActiveCfg = Release|Any CPU
		{F6AD6B76-9AF4-4312-9BAB-D0D4E480131A}.Debug|Any CPU.ActiveCfg = Debug|Any CPU
		{F6AD6B76-9AF4-4312-9BAB-D0D4E480131A}.Debug|Any CPU.Build.0 = Debug|Any CPU
		{F6AD6B76-9AF4-4312-9BAB-D0D4E480131A}.Debug|Mixed Platforms.ActiveCfg = Debug|Any CPU
		{F6AD6B76-9AF4-4312-9BAB-D0D4E480131A}.Debug|Mixed Platforms.Build.0 = Debug|Any CPU
		{F6AD6B76-9AF4-4312-9BAB-D0D4E480131A}.Debug|x86.ActiveCfg = Debug|Any CPU
		{F6AD6B76-9AF4-4312-9BAB-D0D4E480131A}.Debug|x86.Build.0 = Debug|Any CPU
		{F6AD6B76-9AF4-4312-9BAB-D0D4E480131A}.Release|Any CPU.ActiveCfg = Release|Any CPU
		{F6AD6B76-9AF4-4312-9BAB-D0D4E480131A}.Release|Any CPU.Build.0 = Release|Any CPU
		{F6AD6B76-9AF4-4312-9BAB-D0D4E480131A}.Release|Mixed Platforms.ActiveCfg = Release|Any CPU
		{F6AD6B76-9AF4-4312-9BAB-D0D4E480131A}.Release|Mixed Platforms.Build.0 = Release|Any CPU
		{F6AD6B76-9AF4-4312-9BAB-D0D4E480131A}.Release|x86.ActiveCfg = Release|Any CPU
		{F6AD6B76-9AF4-4312-9BAB-D0D4E480131A}.Release|x86.Build.0 = Release|Any CPU
		{4739148E-0519-4777-BB14-6778EC043085}.Debug|Any CPU.ActiveCfg = Debug|Any CPU
		{4739148E-0519-4777-BB14-6778EC043085}.Debug|Any CPU.Build.0 = Debug|Any CPU
		{4739148E-0519-4777-BB14-6778EC043085}.Debug|Any CPU.Deploy.0 = Debug|Any CPU
		{4739148E-0519-4777-BB14-6778EC043085}.Debug|Mixed Platforms.ActiveCfg = Debug|Any CPU
		{4739148E-0519-4777-BB14-6778EC043085}.Debug|Mixed Platforms.Build.0 = Debug|Any CPU
		{4739148E-0519-4777-BB14-6778EC043085}.Debug|Mixed Platforms.Deploy.0 = Debug|Any CPU
		{4739148E-0519-4777-BB14-6778EC043085}.Debug|x86.ActiveCfg = Debug|Any CPU
		{4739148E-0519-4777-BB14-6778EC043085}.Debug|x86.Build.0 = Debug|Any CPU
		{4739148E-0519-4777-BB14-6778EC043085}.Debug|x86.Deploy.0 = Debug|Any CPU
		{4739148E-0519-4777-BB14-6778EC043085}.Release|Any CPU.ActiveCfg = Release|Any CPU
		{4739148E-0519-4777-BB14-6778EC043085}.Release|Any CPU.Build.0 = Release|Any CPU
		{4739148E-0519-4777-BB14-6778EC043085}.Release|Any CPU.Deploy.0 = Release|Any CPU
		{4739148E-0519-4777-BB14-6778EC043085}.Release|Mixed Platforms.ActiveCfg = Release|Any CPU
		{4739148E-0519-4777-BB14-6778EC043085}.Release|Mixed Platforms.Build.0 = Release|Any CPU
		{4739148E-0519-4777-BB14-6778EC043085}.Release|Mixed Platforms.Deploy.0 = Release|Any CPU
		{4739148E-0519-4777-BB14-6778EC043085}.Release|x86.ActiveCfg = Release|Any CPU
		{4739148E-0519-4777-BB14-6778EC043085}.Release|x86.Build.0 = Release|Any CPU
		{4739148E-0519-4777-BB14-6778EC043085}.Release|x86.Deploy.0 = Release|Any CPU
		{136A0B67-5D7D-4F15-8DE0-F248E70F7F3E}.Debug|Any CPU.ActiveCfg = Debug|x86
		{136A0B67-5D7D-4F15-8DE0-F248E70F7F3E}.Debug|Mixed Platforms.ActiveCfg = Debug|x86
		{136A0B67-5D7D-4F15-8DE0-F248E70F7F3E}.Debug|Mixed Platforms.Build.0 = Debug|x86
		{136A0B67-5D7D-4F15-8DE0-F248E70F7F3E}.Debug|x86.ActiveCfg = Debug|x86
		{136A0B67-5D7D-4F15-8DE0-F248E70F7F3E}.Debug|x86.Build.0 = Debug|x86
		{136A0B67-5D7D-4F15-8DE0-F248E70F7F3E}.Release|Any CPU.ActiveCfg = Release|x86
		{136A0B67-5D7D-4F15-8DE0-F248E70F7F3E}.Release|Mixed Platforms.ActiveCfg = Release|x86
		{136A0B67-5D7D-4F15-8DE0-F248E70F7F3E}.Release|Mixed Platforms.Build.0 = Release|x86
		{136A0B67-5D7D-4F15-8DE0-F248E70F7F3E}.Release|x86.ActiveCfg = Release|x86
		{136A0B67-5D7D-4F15-8DE0-F248E70F7F3E}.Release|x86.Build.0 = Release|x86
	EndGlobalSection
	GlobalSection(SolutionProperties) = preSolution
		HideSolutionNode = FALSE
	EndGlobalSection
EndGlobal
